
Microsoft Visual Studio Solution File, Format Version 12.00
# Visual Studio Version 17
VisualStudioVersion = 17.3.32901.215
MinimumVisualStudioVersion = 10.0.40219.1
Project("{9A19103F-16F7-4668-BE54-9A1E7A4F7556}") = "ShoppingCart.API", "ShoppingCart.API.csproj", "{346606A4-868D-4E79-B9A9-46587CEF2815}"
EndProject
Global
	GlobalSection(SolutionConfigurationPlatforms) = preSolution
		Debug|Any CPU = Debug|Any CPU
		Release|Any CPU = Release|Any CPU
	EndGlobalSection
	GlobalSection(ProjectConfigurationPlatforms) = postSolution
		{346606A4-868D-4E79-B9A9-46587CEF2815}.Debug|Any CPU.ActiveCfg = Debug|Any CPU
		{346606A4-868D-4E79-B9A9-46587CEF2815}.Debug|Any CPU.Build.0 = Debug|Any CPU
		{346606A4-868D-4E79-B9A9-46587CEF2815}.Release|Any CPU.ActiveCfg = Release|Any CPU
		{346606A4-868D-4E79-B9A9-46587CEF2815}.Release|Any CPU.Build.0 = Release|Any CPU
	EndGlobalSection
	GlobalSection(SolutionProperties) = preSolution
		HideSolutionNode = FALSE
	EndGlobalSection
	GlobalSection(ExtensibilityGlobals) = postSolution
		SolutionGuid = {D020A686-0924-4A16-A19B-812EC0CD027A}
	EndGlobalSection
EndGlobal
